// !$*UTF8*$!
{
	archiveVersion = 1;
	classes = {
	};
	objectVersion = 46;
	objects = {

/* Begin PBXBuildFile section */
		93D07FA31D24B73F004EDB90 /* main.cpp in Sources */ = {isa = PBXBuildFile; fileRef = 93D07FA21D24B73F004EDB90 /* main.cpp */; };
/* End PBXBuildFile section */

/* Begin PBXCopyFilesBuildPhase section */
		93D07F9D1D24B73E004EDB90 /* CopyFiles */ = {
			isa = PBXCopyFilesBuildPhase;
			buildActionMask = 2147483647;
			dstPath = /usr/share/man/man1/;
			dstSubfolderSpec = 0;
			files = (
			);
			runOnlyForDeploymentPostprocessing = 1;
		};
/* End PBXCopyFilesBuildPhase section */

/* Begin PBXFileReference section */
		93D07F9F1D24B73E004EDB90 /* Wireframes Calc */ = {isa = PBXFileReference; explicitFileType = "compiled.mach-o.executable"; includeInIndex = 0; path = "Wireframes Calc"; sourceTree = BUILT_PRODUCTS_DIR; };
		93D07FA21D24B73F004EDB90 /* main.cpp */ = {isa = PBXFileReference; lastKnownFileType = sourcecode.cpp.cpp; path = main.cpp; sourceTree = "<group>"; };
/* End PBXFileReference section */

/* Begin PBXFrameworksBuildPhase section */
		93D07F9C1D24B73E004EDB90 /* Frameworks */ = {
			isa = PBXFrameworksBuildPhase;
			buildActionMask = 2147483647;
			files = (
			);
			runOnlyForDeploymentPostprocessing = 0;
		};
/* End PBXFrameworksBuildPhase section */

/* Begin PBXGroup section */
		93D07F961D24B73E004EDB90 = {
			isa = PBXGroup;
			children = (
				93D07FA11D24B73E004EDB90 /* Wireframes Calc */,
				93D07FA01D24B73E004EDB90 /* Products */,
			);
			sourceTree = "<group>";
		};
		93D07FA01D24B73E004EDB90 /* Products */ = {
			isa = PBXGroup;
			children = (
				93D07F9F1D24B73E004EDB90 /* Wireframes Calc */,
			);
			name = Products;
			sourceTree = "<group>";
		};
		93D07FA11D24B73E004EDB90 /* Wireframes Calc */ = {
			isa = PBXGroup;
			children = (
				93D07FA21D24B73F004EDB90 /* main.cpp */,
			);
			path = "Wireframes Calc";
			sourceTree = "<group>";
		};
/* End PBXGroup section */

/* Begin PBXNativeTarget section */
		93D07F9E1D24B73E004EDB90 /* Wireframes Calc */ = {
			isa = PBXNativeTarget;
			buildConfigurationList = 93D07FA61D24B73F004EDB90 /* Build configuration list for PBXNativeTarget "Wireframes Calc" */;
			buildPhases = (
				93D07F9B1D24B73E004EDB90 /* Sources */,
				93D07F9C1D24B73E004EDB90 /* Frameworks */,
				93D07F9D1D24B73E004EDB90 /* CopyFiles */,
			);
			buildRules = (
			);
			dependencies = (
			);
			name = "Wireframes Calc";
			productName = "Wireframes Calc";
			productReference = 93D07F9F1D24B73E004EDB90 /* Wireframes Calc */;
			productType = "com.apple.product-type.tool";
		};
/* End PBXNativeTarget section */

/* Begin PBXProject section */
		93D07F971D24B73E004EDB90 /* Project object */ = {
			isa = PBXProject;
			attributes = {
				LastUpgradeCheck = 0610;
				ORGANIZATIONNAME = "Aaron Pfitzenmaier";
				TargetAttributes = {
					93D07F9E1D24B73E004EDB90 = {
						CreatedOnToolsVersion = 6.1.1;
					};
				};
			};
			buildConfigurationList = 93D07F9A1D24B73E004EDB90 /* Build configuration list for PBXProject "Wireframes Calc" */;
			compatibilityVersion = "Xcode 3.2";
			developmentRegion = English;
			hasScannedForEncodings = 0;
			knownRegions = (
				en,
			);
			mainGroup = 93D07F961D24B73E004EDB90;
			productRefGroup = 93D07FA01D24B73E004EDB90 /* Products */;
			projectDirPath = "";
			projectRoot = "";
			targets = (
				93D07F9E1D24B73E004EDB90 /* Wireframes Calc */,
			);
		};
/* End PBXProject section */

/* Begin PBXSourcesBuildPhase section */
		93D07F9B1D24B73E004EDB90 /* Sources */ = {
			isa = PBXSourcesBuildPhase;
			buildActionMask = 2147483647;
			files = (
				93D07FA31D24B73F004EDB90 /* main.cpp in Sources */,
			);
			runOnlyForDeploymentPostprocessing = 0;
		};
/* End PBXSourcesBuildPhase section */

/* Begin XCBuildConfiguration section */
		93D07FA41D24B73F004EDB90 /* Debug */ = {
			isa = XCBuildConfiguration;
			buildSettings = {
				ALWAYS_SEARCH_USER_PATHS = NO;
				CLANG_CXX_LANGUAGE_STANDARD = "gnu++0x";
				CLANG_CXX_LIBRARY = "libc++";
				CLANG_ENABLE_MODULES = YES;
				CLANG_ENABLE_OBJC_ARC = YES;
				CLANG_WARN_BOOL_CONVERSION = YES;
				CLANG_WARN_CONSTANT_CONVERSION = YES;
				CLANG_WARN_DIRECT_OBJC_ISA_USAGE = YES_ERROR;
				CLANG_WARN_EMPTY_BODY = YES;
				CLANG_WARN_ENUM_CONVERSION = YES;
				CLANG_WARN_INT_CONVERSION = YES;
				CLANG_WARN_OBJC_ROOT_CLASS = YES_ERROR;
				CLANG_WARN_UNREACHABLE_CODE = YES;
				CLANG_WARN__DUPLICATE_METHOD_MATCH = YES;
				COPY_PHASE_STRIP = NO;
				ENABLE_STRICT_OBJC_MSGSEND = YES;
				GCC_C_LANGUAGE_STANDARD = gnu99;
				GCC_DYNAMIC_NO_PIC = NO;
				GCC_OPTIMIZATION_LEVEL = 0;
				GCC_PREPROCESSOR_DEFINITIONS = (
					"DEBUG=1",
					"$(inherited)",
				);
				GCC_SYMBOLS_PRIVATE_EXTERN = NO;
				GCC_WARN_64_TO_32_BIT_CONVERSION = YES;
				GCC_WARN_ABOUT_RETURN_TYPE = YES_ERROR;
				GCC_WARN_UNDECLARED_SELECTOR = YES;
				GCC_WARN_UNINITIALIZED_AUTOS = YES_AGGRESSIVE;
				GCC_WARN_UNUSED_FUNCTION = YES;
				GCC_WARN_UNUSED_VARIABLE = YES;
				MACOSX_DEPLOYMENT_TARGET = 10.9;
				MTL_ENABLE_DEBUG_INFO = YES;
				ONLY_ACTIVE_ARCH = YES;
				SDKROOT = macosx;
			};
			name = Debug;
		};
		93D07FA51D24B73F004EDB90 /* Release */ = {
			isa = XCBuildConfiguration;
			buildSettings = {
				ALWAYS_SEARCH_USER_PATHS = NO;
				CLANG_CXX_LANGUAGE_STANDARD = "gnu++0x";
				CLANG_CXX_LIBRARY = "libc++";
				CLANG_ENABLE_MODULES = YES;
				CLANG_ENABLE_OBJC_ARC = YES;
				CLANG_WARN_BOOL_CONVERSION = YES;
				CLANG_WARN_CONSTANT_CONVERSION = YES;
				CLANG_WARN_DIRECT_OBJC_ISA_USAGE = YES_ERROR;
				CLANG_WARN_EMPTY_BODY = YES;
				CLANG_WARN_ENUM_CONVERSION = YES;
				CLANG_WARN_INT_CONVERSION = YES;
				CLANG_WARN_OBJC_ROOT_CLASS = YES_ERROR;
				CLANG_WARN_UNREACHABLE_CODE = YES;
				CLANG_WARN__DUPLICATE_METHOD_MATCH = YES;
				COPY_PHASE_STRIP = YES;
				DEBUG_INFORMATION_FORMAT = "dwarf-with-dsym";
				ENABLE_NS_ASSERTIONS = NO;
				ENABLE_STRICT_OBJC_MSGSEND = YES;
				GCC_C_LANGUAGE_STANDARD = gnu99;
				GCC_WARN_64_TO_32_BIT_CONVERSION = YES;
				GCC_WARN_ABOUT_RETURN_TYPE = YES_ERROR;
				GCC_WARN_UNDECLARED_SELECTOR = YES;
				GCC_WARN_UNINITIALIZED_AUTOS = YES_AGGRESSIVE;
				GCC_WARN_UNUSED_FUNCTION = YES;
				GCC_WARN_UNUSED_VARIABLE = YES;
				MACOSX_DEPLOYMENT_TARGET = 10.9;
				MTL_ENABLE_DEBUG_INFO = NO;
				SDKROOT = macosx;
			};
			name = Release;
		};
		93D07FA71D24B73F004EDB90 /* Debug */ = {
			isa = XCBuildConfiguration;
			buildSettings = {
				PRODUCT_NAME = "$(TARGET_NAME)";
			};
			name = Debug;
		};
		93D07FA81D24B73F004EDB90 /* Release */ = {
			isa = XCBuildConfiguration;
			buildSettings = {
				PRODUCT_NAME = "$(TARGET_NAME)";
			};
			name = Release;
		};
/* End XCBuildConfiguration section */

/* Begin XCConfigurationList section */
		93D07F9A1D24B73E004EDB90 /* Build configuration list for PBXProject "Wireframes Calc" */ = {
			isa = XCConfigurationList;
			buildConfigurations = (
				93D07FA41D24B73F004EDB90 /* Debug */,
				93D07FA51D24B73F004EDB90 /* Release */,
			);
			defaultConfigurationIsVisible = 0;
			defaultConfigurationName = Release;
		};
		93D07FA61D24B73F004EDB90 /* Build configuration list for PBXNativeTarget "Wireframes Calc" */ = {
			isa = XCConfigurationList;
			buildConfigurations = (
				93D07FA71D24B73F004EDB90 /* Debug */,
				93D07FA81D24B73F004EDB90 /* Release */,
			);
			defaultConfigurationIsVisible = 0;
		};
/* End XCConfigurationList section */
	};
	rootObject = 93D07F971D24B73E004EDB90 /* Project object */;
}
